// !$*UTF8*$!
{
	archiveVersion = 1;
	classes = {
	};
	objectVersion = 46;
	objects = {

/* Begin PBXBuildFile section */
		90927FBE1EF01AB700E6E611 /* AppDelegate.swift in Sources */ = {isa = PBXBuildFile; fileRef = 90927FBD1EF01AB700E6E611 /* AppDelegate.swift */; };
		90927FC01EF01AB700E6E611 /* ViewController.swift in Sources */ = {isa = PBXBuildFile; fileRef = 90927FBF1EF01AB700E6E611 /* ViewController.swift */; };
		90927FC31EF01AB700E6E611 /* Main.storyboard in Resources */ = {isa = PBXBuildFile; fileRef = 90927FC11EF01AB700E6E611 /* Main.storyboard */; };
		90927FC51EF01AB700E6E611 /* Assets.xcassets in Resources */ = {isa = PBXBuildFile; fileRef = 90927FC41EF01AB700E6E611 /* Assets.xcassets */; };
		90927FC81EF01AB700E6E611 /* LaunchScreen.storyboard in Resources */ = {isa = PBXBuildFile; fileRef = 90927FC61EF01AB700E6E611 /* LaunchScreen.storyboard */; };
/* End PBXBuildFile section */

/* Begin PBXFileReference section */
		90927FBA1EF01AB700E6E611 /* UIEdgeInsetsMakePra.app */ = {isa = PBXFileReference; explicitFileType = wrapper.application; includeInIndex = 0; path = UIEdgeInsetsMakePra.app; sourceTree = BUILT_PRODUCTS_DIR; };
		90927FBD1EF01AB700E6E611 /* AppDelegate.swift */ = {isa = PBXFileReference; lastKnownFileType = sourcecode.swift; path = AppDelegate.swift; sourceTree = "<group>"; };
		90927FBF1EF01AB700E6E611 /* ViewController.swift */ = {isa = PBXFileReference; lastKnownFileType = sourcecode.swift; path = ViewController.swift; sourceTree = "<group>"; };
		90927FC21EF01AB700E6E611 /* Base */ = {isa = PBXFileReference; lastKnownFileType = file.storyboard; name = Base; path = Base.lproj/Main.storyboard; sourceTree = "<group>"; };
		90927FC41EF01AB700E6E611 /* Assets.xcassets */ = {isa = PBXFileReference; lastKnownFileType = folder.assetcatalog; path = Assets.xcassets; sourceTree = "<group>"; };
		90927FC71EF01AB700E6E611 /* Base */ = {isa = PBXFileReference; lastKnownFileType = file.storyboard; name = Base; path = Base.lproj/LaunchScreen.storyboard; sourceTree = "<group>"; };
		90927FC91EF01AB700E6E611 /* Info.plist */ = {isa = PBXFileReference; lastKnownFileType = text.plist.xml; path = Info.plist; sourceTree = "<group>"; };
/* End PBXFileReference section */

/* Begin PBXFrameworksBuildPhase section */
		90927FB71EF01AB700E6E611 /* Frameworks */ = {
			isa = PBXFrameworksBuildPhase;
			buildActionMask = 2147483647;
			files = (
			);
			runOnlyForDeploymentPostprocessing = 0;
		};
/* End PBXFrameworksBuildPhase section */

/* Begin PBXGroup section */
		90927FB11EF01AB700E6E611 = {
			isa = PBXGroup;
			children = (
				90927FBC1EF01AB700E6E611 /* UIEdgeInsetsMakePra */,
				90927FBB1EF01AB700E6E611 /* Products */,
			);
			sourceTree = "<group>";
		};
		90927FBB1EF01AB700E6E611 /* Products */ = {
			isa = PBXGroup;
			children = (
				90927FBA1EF01AB700E6E611 /* UIEdgeInsetsMakePra.app */,
			);
			name = Products;
			sourceTree = "<group>";
		};
		90927FBC1EF01AB700E6E611 /* UIEdgeInsetsMakePra */ = {
			isa = PBXGroup;
			children = (
				90927FBD1EF01AB700E6E611 /* AppDelegate.swift */,
				90927FBF1EF01AB700E6E611 /* ViewController.swift */,
				90927FC11EF01AB700E6E611 /* Main.storyboard */,
				90927FC41EF01AB700E6E611 /* Assets.xcassets */,
				90927FC61EF01AB700E6E611 /* LaunchScreen.storyboard */,
				90927FC91EF01AB700E6E611 /* Info.plist */,
			);
			path = UIEdgeInsetsMakePra;
			sourceTree = "<group>";
		};
/* End PBXGroup section */

/* Begin PBXNativeTarget section */
		90927FB91EF01AB700E6E611 /* UIEdgeInsetsMakePra */ = {
			isa = PBXNativeTarget;
			buildConfigurationList = 90927FCC1EF01AB700E6E611 /* Build configuration list for PBXNativeTarget "UIEdgeInsetsMakePra" */;
			buildPhases = (
				90927FB61EF01AB700E6E611 /* Sources */,
				90927FB71EF01AB700E6E611 /* Frameworks */,
				90927FB81EF01AB700E6E611 /* Resources */,
			);
			buildRules = (
			);
			dependencies = (
			);
			name = UIEdgeInsetsMakePra;
			productName = UIEdgeInsetsMakePra;
			productReference = 90927FBA1EF01AB700E6E611 /* UIEdgeInsetsMakePra.app */;
			productType = "com.apple.product-type.application";
		};
/* End PBXNativeTarget section */

/* Begin PBXProject section */
		90927FB21EF01AB700E6E611 /* Project object */ = {
			isa = PBXProject;
			attributes = {
				LastSwiftUpdateCheck = 0830;
				LastUpgradeCheck = 0830;
				ORGANIZATIONNAME = "ling toby";
				TargetAttributes = {
					90927FB91EF01AB700E6E611 = {
						CreatedOnToolsVersion = 8.3.2;
						DevelopmentTeam = N74FA35832;
						ProvisioningStyle = Automatic;
					};
				};
			};
			buildConfigurationList = 90927FB51EF01AB700E6E611 /* Build configuration list for PBXProject "UIEdgeInsetsMakePra" */;
			compatibilityVersion = "Xcode 3.2";
			developmentRegion = English;
			hasScannedForEncodings = 0;
			knownRegions = (
				en,
				Base,
			);
			mainGroup = 90927FB11EF01AB700E6E611;
			productRefGroup = 90927FBB1EF01AB700E6E611 /* Products */;
			projectDirPath = "";
			projectRoot = "";
			targets = (
				90927FB91EF01AB700E6E611 /* UIEdgeInsetsMakePra */,
			);
		};
/* End PBXProject section */

/* Begin PBXResourcesBuildPhase section */
		90927FB81EF01AB700E6E611 /* Resources */ = {
			isa = PBXResourcesBuildPhase;
			buildActionMask = 2147483647;
			files = (
				90927FC81EF01AB700E6E611 /* LaunchScreen.storyboard in Resources */,
				90927FC51EF01AB700E6E611 /* Assets.xcassets in Resources */,
				90927FC31EF01AB700E6E611 /* Main.storyboard in Resources */,
			);
			runOnlyForDeploymentPostprocessing = 0;
		};
/* End PBXResourcesBuildPhase section */

/* Begin PBXSourcesBuildPhase section */
		90927FB61EF01AB700E6E611 /* Sources */ = {
			isa = PBXSourcesBuildPhase;
			buildActionMask = 2147483647;
			files = (
				90927FC01EF01AB700E6E611 /* ViewController.swift in Sources */,
				90927FBE1EF01AB700E6E611 /* AppDelegate.swift in Sources */,
			);
			runOnlyForDeploymentPostprocessing = 0;
		};
/* End PBXSourcesBuildPhase section */

/* Begin PBXVariantGroup section */
		90927FC11EF01AB700E6E611 /* Main.storyboard */ = {
			isa = PBXVariantGroup;
			children = (
				90927FC21EF01AB700E6E611 /* Base */,
			);
			name = Main.storyboard;
			sourceTree = "<group>";
		};
		90927FC61EF01AB700E6E611 /* LaunchScreen.storyboard */ = {
			isa = PBXVariantGroup;
			children = (
				90927FC71EF01AB700E6E611 /* Base */,
			);
			name = LaunchScreen.storyboard;
			sourceTree = "<group>";
		};
/* End PBXVariantGroup section */

/* Begin XCBuildConfiguration section */
		90927FCA1EF01AB700E6E611 /* Debug */ = {
			isa = XCBuildConfiguration;
			buildSettings = {
				ALWAYS_SEARCH_USER_PATHS = NO;
				CLANG_ANALYZER_NONNULL = YES;
				CLANG_ANALYZER_NUMBER_OBJECT_CONVERSION = YES_AGGRESSIVE;
				CLANG_CXX_LANGUAGE_STANDARD = "gnu++0x";
				CLANG_CXX_LIBRARY = "libc++";
				CLANG_ENABLE_MODULES = YES;
				CLANG_ENABLE_OBJC_ARC = YES;
				CLANG_WARN_BOOL_CONVERSION = YES;
				CLANG_WARN_CONSTANT_CONVERSION = YES;
				CLANG_WARN_DIRECT_OBJC_ISA_USAGE = YES_ERROR;
				CLANG_WARN_DOCUMENTATION_COMMENTS = YES;
				CLANG_WARN_EMPTY_BODY = YES;
				CLANG_WARN_ENUM_CONVERSION = YES;
				CLANG_WARN_INFINITE_RECURSION = YES;
				CLANG_WARN_INT_CONVERSION = YES;
				CLANG_WARN_OBJC_ROOT_CLASS = YES_ERROR;
				CLANG_WARN_SUSPICIOUS_MOVE = YES;
				CLANG_WARN_UNREACHABLE_CODE = YES;
				CLANG_WARN__DUPLICATE_METHOD_MATCH = YES;
				"CODE_SIGN_IDENTITY[sdk=iphoneos*]" = "iPhone Developer";
				COPY_PHASE_STRIP = NO;
				DEBUG_INFORMATION_FORMAT = dwarf;
				ENABLE_STRICT_OBJC_MSGSEND = YES;
				ENABLE_TESTABILITY = YES;
				GCC_C_LANGUAGE_STANDARD = gnu99;
				GCC_DYNAMIC_NO_PIC = NO;
				GCC_NO_COMMON_BLOCKS = YES;
				GCC_OPTIMIZATION_LEVEL = 0;
				GCC_PREPROCESSOR_DEFINITIONS = (
					"DEBUG=1",
					"$(inherited)",
				);
				GCC_WARN_64_TO_32_BIT_CONVERSION = YES;
				GCC_WARN_ABOUT_RETURN_TYPE = YES_ERROR;
				GCC_WARN_UNDECLARED_SELECTOR = YES;
				GCC_WARN_UNINITIALIZED_AUTOS = YES_AGGRESSIVE;
				GCC_WARN_UNUSED_FUNCTION = YES;
				GCC_WARN_UNUSED_VARIABLE = YES;
				IPHONEOS_DEPLOYMENT_TARGET = 10.3;
				MTL_ENABLE_DEBUG_INFO = YES;
				ONLY_ACTIVE_ARCH = YES;
				SDKROOT = iphoneos;
				SWIFT_ACTIVE_COMPILATION_CONDITIONS = DEBUG;
				SWIFT_OPTIMIZATION_LEVEL = "-Onone";
			};
			name = Debug;
		};
		90927FCB1EF01AB700E6E611 /* Release */ = {
			isa = XCBuildConfiguration;
			buildSettings = {
				ALWAYS_SEARCH_USER_PATHS = NO;
				CLANG_ANALYZER_NONNULL = YES;
				CLANG_ANALYZER_NUMBER_OBJECT_CONVERSION = YES_AGGRESSIVE;
				CLANG_CXX_LANGUAGE_STANDARD = "gnu++0x";
				CLANG_CXX_LIBRARY = "libc++";
				CLANG_ENABLE_MODULES = YES;
				CLANG_ENABLE_OBJC_ARC = YES;
				CLANG_WARN_BOOL_CONVERSION = YES;
				CLANG_WARN_CONSTANT_CONVERSION = YES;
				CLANG_WARN_DIRECT_OBJC_ISA_USAGE = YES_ERROR;
				CLANG_WARN_DOCUMENTATION_COMMENTS = YES;
				CLANG_WARN_EMPTY_BODY = YES;
				CLANG_WARN_ENUM_CONVERSION = YES;
				CLANG_WARN_INFINITE_RECURSION = YES;
				CLANG_WARN_INT_CONVERSION = YES;
				CLANG_WARN_OBJC_ROOT_CLASS = YES_ERROR;
				CLANG_WARN_SUSPICIOUS_MOVE = YES;
				CLANG_WARN_UNREACHABLE_CODE = YES;
				CLANG_WARN__DUPLICATE_METHOD_MATCH = YES;
				"CODE_SIGN_IDENTITY[sdk=iphoneos*]" = "iPhone Developer";
				COPY_PHASE_STRIP = NO;
				DEBUG_INFORMATION_FORMAT = "dwarf-with-dsym";
				ENABLE_NS_ASSERTIONS = NO;
				ENABLE_STRICT_OBJC_MSGSEND = YES;
				GCC_C_LANGUAGE_STANDARD = gnu99;
				GCC_NO_COMMON_BLOCKS = YES;
				GCC_WARN_64_TO_32_BIT_CONVERSION = YES;
				GCC_WARN_ABOUT_RETURN_TYPE = YES_ERROR;
				GCC_WARN_UNDECLARED_SELECTOR = YES;
				GCC_WARN_UNINITIALIZED_AUTOS = YES_AGGRESSIVE;
				GCC_WARN_UNUSED_FUNCTION = YES;
				GCC_WARN_UNUSED_VARIABLE = YES;
				IPHONEOS_DEPLOYMENT_TARGET = 10.3;
				MTL_ENABLE_DEBUG_INFO = NO;
				SDKROOT = iphoneos;
				SWIFT_OPTIMIZATION_LEVEL = "-Owholemodule";
				VALIDATE_PRODUCT = YES;
			};
			name = Release;
		};
		90927FCD1EF01AB700E6E611 /* Debug */ = {
			isa = XCBuildConfiguration;
			buildSettings = {
				ASSETCATALOG_COMPILER_APPICON_NAME = AppIcon;
				DEVELOPMENT_TEAM = N74FA35832;
				INFOPLIST_FILE = UIEdgeInsetsMakePra/Info.plist;
				LD_RUNPATH_SEARCH_PATHS = "$(inherited) @executable_path/Frameworks";
				PRODUCT_BUNDLE_IDENTIFIER = lingtoby.UIEdgeInsetsMakePra;
				PRODUCT_NAME = "$(TARGET_NAME)";
				SWIFT_VERSION = 3.0;
			};
			name = Debug;
		};
		90927FCE1EF01AB700E6E611 /* Release */ = {
			isa = XCBuildConfiguration;
			buildSettings = {
				ASSETCATALOG_COMPILER_APPICON_NAME = AppIcon;
				DEVELOPMENT_TEAM = N74FA35832;
				INFOPLIST_FILE = UIEdgeInsetsMakePra/Info.plist;
				LD_RUNPATH_SEARCH_PATHS = "$(inherited) @executable_path/Frameworks";
				PRODUCT_BUNDLE_IDENTIFIER = lingtoby.UIEdgeInsetsMakePra;
				PRODUCT_NAME = "$(TARGET_NAME)";
				SWIFT_VERSION = 3.0;
			};
			name = Release;
		};
/* End XCBuildConfiguration section */

/* Begin XCConfigurationList section */
		90927FB51EF01AB700E6E611 /* Build configuration list for PBXProject "UIEdgeInsetsMakePra" */ = {
			isa = XCConfigurationList;
			buildConfigurations = (
				90927FCA1EF01AB700E6E611 /* Debug */,
				90927FCB1EF01AB700E6E611 /* Release */,
			);
			defaultConfigurationIsVisible = 0;
			defaultConfigurationName = Release;
		};
		90927FCC1EF01AB700E6E611 /* Build configuration list for PBXNativeTarget "UIEdgeInsetsMakePra" */ = {
			isa = XCConfigurationList;
			buildConfigurations = (
				90927FCD1EF01AB700E6E611 /* Debug */,
				90927FCE1EF01AB700E6E611 /* Release */,
			);
			defaultConfigurationIsVisible = 0;
		};
/* End XCConfigurationList section */
	};
	rootObject = 90927FB21EF01AB700E6E611 /* Project object */;
}
